
Microsoft Visual Studio Solution File, Format Version 12.00
# Visual Studio Version 17
VisualStudioVersion = 17.0.31903.59
MinimumVisualStudioVersion = 10.0.40219.1
Project("{FAE04EC0-301F-11D3-BF4B-00C04F79EFBC}") = "NetFive", "NetFive\NetFive.csproj", "{F9CEE678-0CBA-498B-9AC4-8BF1B0AF8A96}"
EndProject
Global
	GlobalSection(SolutionConfigurationPlatforms) = preSolution
		Debug|Any CPU = Debug|Any CPU
		Release|Any CPU = Release|Any CPU
	EndGlobalSection
	GlobalSection(ProjectConfigurationPlatforms) = postSolution
		{F9CEE678-0CBA-498B-9AC4-8BF1B0AF8A96}.Debug|Any CPU.ActiveCfg = Debug|Any CPU
		{F9CEE678-0CBA-498B-9AC4-8BF1B0AF8A96}.Debug|Any CPU.Build.0 = Debug|Any CPU
		{F9CEE678-0CBA-498B-9AC4-8BF1B0AF8A96}.Release|Any CPU.ActiveCfg = Release|Any CPU
		{F9CEE678-0CBA-498B-9AC4-8BF1B0AF8A96}.Release|Any CPU.Build.0 = Release|Any CPU
	EndGlobalSection
	GlobalSection(SolutionProperties) = preSolution
		HideSolutionNode = FALSE
	EndGlobalSection
	GlobalSection(ExtensibilityGlobals) = postSolution
		SolutionGuid = {E5AD8080-D404-4DD9-A07F-79567F6F873F}
	EndGlobalSection
EndGlobal
